
Microsoft Visual Studio Solution File, Format Version 12.00
# Visual Studio Version 17
VisualStudioVersion = 17.14.36109.1 d17.14
MinimumVisualStudioVersion = 10.0.40219.1
Project("{FAE04EC0-301F-11D3-BF4B-00C04F79EFBC}") = "ImageGenerator", "ImageGenerator\ImageGenerator.csproj", "{AFF1DC94-923D-42E5-913D-0C092E8BB66E}"
EndProject
Global
	GlobalSection(SolutionConfigurationPlatforms) = preSolution
		Debug|Any CPU = Debug|Any CPU
		Release|Any CPU = Release|Any CPU
	EndGlobalSection
	GlobalSection(ProjectConfigurationPlatforms) = postSolution
		{AFF1DC94-923D-42E5-913D-0C092E8BB66E}.Debug|Any CPU.ActiveCfg = Debug|Any CPU
		{AFF1DC94-923D-42E5-913D-0C092E8BB66E}.Debug|Any CPU.Build.0 = Debug|Any CPU
		{AFF1DC94-923D-42E5-913D-0C092E8BB66E}.Release|Any CPU.ActiveCfg = Release|Any CPU
		{AFF1DC94-923D-42E5-913D-0C092E8BB66E}.Release|Any CPU.Build.0 = Release|Any CPU
	EndGlobalSection
	GlobalSection(SolutionProperties) = preSolution
		HideSolutionNode = FALSE
	EndGlobalSection
	GlobalSection(ExtensibilityGlobals) = postSolution
		SolutionGuid = {404C5683-19B2-47CC-8127-BAE6E4FB9F22}
	EndGlobalSection
EndGlobal
